Microsoft Visual Studio Solution File, Format Version 12.00
# Visual Studio Version 17
VisualStudioVersion = 17.5.2.0
MinimumVisualStudioVersion = 10.0.40219.1
Project("{FAE04EC0-301F-11D3-BF4B-00C04F79EFBC}") = "microservice-07", "microservice-07\microservice-07.csproj", "{48BCFA57-2A4E-F7F5-36F7-F8C0C2C5BAEF}"
EndProject
Global
	GlobalSection(SolutionConfigurationPlatforms) = preSolution
		Debug|Any CPU = Debug|Any CPU
		Release|Any CPU = Release|Any CPU
	EndGlobalSection
	GlobalSection(ProjectConfigurationPlatforms) = postSolution
		{48BCFA57-2A4E-F7F5-36F7-F8C0C2C5BAEF}.Debug|Any CPU.ActiveCfg = Debug|Any CPU
		{48BCFA57-2A4E-F7F5-36F7-F8C0C2C5BAEF}.Debug|Any CPU.Build.0 = Debug|Any CPU
		{48BCFA57-2A4E-F7F5-36F7-F8C0C2C5BAEF}.Release|Any CPU.ActiveCfg = Release|Any CPU
		{48BCFA57-2A4E-F7F5-36F7-F8C0C2C5BAEF}.Release|Any CPU.Build.0 = Release|Any CPU
	EndGlobalSection
	GlobalSection(SolutionProperties) = preSolution
		HideSolutionNode = FALSE
	EndGlobalSection
	GlobalSection(ExtensibilityGlobals) = postSolution
		SolutionGuid = {8EECDC17-7E49-4C1B-9F26-E306619BAB3A}
	EndGlobalSection
EndGlobal
